
Microsoft Visual Studio Solution File, Format Version 12.00
# Visual Studio Version 17
VisualStudioVersion = 17.14.36301.6 d17.14
MinimumVisualStudioVersion = 10.0.40219.1
Project("{FAE04EC0-301F-11D3-BF4B-00C04F79EFBC}") = "Ticket_ManagementAPI", "Ticket_ManagementAPI\Ticket_ManagementAPI.csproj", "{B1B33F81-0BBB-4828-B9EE-C7755A1A3525}"
EndProject
Global
	GlobalSection(SolutionConfigurationPlatforms) = preSolution
		Debug|Any CPU = Debug|Any CPU
		Release|Any CPU = Release|Any CPU
	EndGlobalSection
	GlobalSection(ProjectConfigurationPlatforms) = postSolution
		{B1B33F81-0BBB-4828-B9EE-C7755A1A3525}.Debug|Any CPU.ActiveCfg = Debug|Any CPU
		{B1B33F81-0BBB-4828-B9EE-C7755A1A3525}.Debug|Any CPU.Build.0 = Debug|Any CPU
		{B1B33F81-0BBB-4828-B9EE-C7755A1A3525}.Release|Any CPU.ActiveCfg = Release|Any CPU
		{B1B33F81-0BBB-4828-B9EE-C7755A1A3525}.Release|Any CPU.Build.0 = Release|Any CPU
	EndGlobalSection
	GlobalSection(SolutionProperties) = preSolution
		HideSolutionNode = FALSE
	EndGlobalSection
	GlobalSection(ExtensibilityGlobals) = postSolution
		SolutionGuid = {578D5E51-A670-4998-8CD9-D5D19FD3A698}
	EndGlobalSection
EndGlobal
